
Microsoft Visual Studio Solution File, Format Version 12.00
# Visual Studio Version 16
VisualStudioVersion = 16.0.30804.86
MinimumVisualStudioVersion = 10.0.40219.1
Project("{FAE04EC0-301F-11D3-BF4B-00C04F79EFBC}") = "budget-api", "budget-api.csproj", "{7D1B8A7D-82AF-47BC-8FDE-230A8A84CA63}"
EndProject
Global
	GlobalSection(SolutionConfigurationPlatforms) = preSolution
		Debug|Any CPU = Debug|Any CPU
		Release|Any CPU = Release|Any CPU
	EndGlobalSection
	GlobalSection(ProjectConfigurationPlatforms) = postSolution
		{7D1B8A7D-82AF-47BC-8FDE-230A8A84CA63}.Debug|Any CPU.ActiveCfg = Debug|Any CPU
		{7D1B8A7D-82AF-47BC-8FDE-230A8A84CA63}.Debug|Any CPU.Build.0 = Debug|Any CPU
		{7D1B8A7D-82AF-47BC-8FDE-230A8A84CA63}.Release|Any CPU.ActiveCfg = Release|Any CPU
		{7D1B8A7D-82AF-47BC-8FDE-230A8A84CA63}.Release|Any CPU.Build.0 = Release|Any CPU
	EndGlobalSection
	GlobalSection(SolutionProperties) = preSolution
		HideSolutionNode = FALSE
	EndGlobalSection
	GlobalSection(ExtensibilityGlobals) = postSolution
		SolutionGuid = {10A0526B-0547-4FC6-9653-DFAA7F6DB098}
	EndGlobalSection
EndGlobal
